lockfileVersion: '6.0'

settings:
  autoInstallPeers: true
  excludeLinksFromLockfile: false

dependencies:
  '@cloudflare/kv-asset-handler':
    specifier: ^0.1.3
    version: 0.1.3
  '@remix-run/server-runtime':
    specifier: 2.2.0
    version: 2.2.0(typescript@5.2.2)

devDependencies:
  '@cloudflare/workers-types':
    specifier: ^4.20230518.0
    version: 4.20231025.0
  typescript:
    specifier: ^5.1.0
    version: 5.2.2

packages:

  /@cloudflare/kv-asset-handler@0.1.3:
    resolution: {integrity: sha512-FNcunDuTmEfQTLRLtA6zz+buIXUHj1soPvSWzzQFBC+n2lsy+CGf/NIrR3SEPCmsVNQj70/Jx2lViCpq+09YpQ==}
    dependencies:
      mime: 2.6.0
    dev: false

  /@cloudflare/workers-types@4.20231025.0:
    resolution: {integrity: sha512-TkcZkntUTOcvJ4vgmwpNfLTclpMbmbClZCe62B25/VTukmyv91joRa4eKzSjzCZUXTbFHNmVdOpmGaaJU2U3+A==}
    dev: true

  /@remix-run/router@1.11.0:
    resolution: {integrity: sha512-BHdhcWgeiudl91HvVa2wxqZjSHbheSgIiDvxrF1VjFzBzpTtuDPkOdOi3Iqvc08kXtFkLjhbS+ML9aM8mJS+wQ==}
    engines: {node: '>=14.0.0'}
    dev: false

  /@remix-run/server-runtime@2.2.0(typescript@5.2.2):
    resolution: {integrity: sha512-+FiQy/Y6yqakkP2dRMhyf47fEvO2Pbu5aHCknUC9GKuzvDSbR5z65lB/rlRYUg1f8OBY46b7AMVG46qM+tRxeQ==}
    engines: {node: '>=18.0.0'}
    peerDependencies:
      typescript: ^5.1.0
    peerDependenciesMeta:
      typescript:
        optional: true
    dependencies:
      '@remix-run/router': 1.11.0
      '@types/cookie': 0.4.1
      '@web3-storage/multipart-parser': 1.0.0
      cookie: 0.4.2
      set-cookie-parser: 2.6.0
      source-map: 0.7.4
      typescript: 5.2.2
    dev: false

  /@types/cookie@0.4.1:
    resolution: {integrity: sha512-XW/Aa8APYr6jSVVA1y/DEIZX0/GMKLEVekNG727R8cs56ahETkRAy/3DR7+fJyh7oUgGwNQaRfXCun0+KbWY7Q==}
    dev: false

  /@web3-storage/multipart-parser@1.0.0:
    resolution: {integrity: sha512-BEO6al7BYqcnfX15W2cnGR+Q566ACXAT9UQykORCWW80lmkpWsnEob6zJS1ZVBKsSJC8+7vJkHwlp+lXG1UCdw==}
    dev: false

  /cookie@0.4.2:
    resolution: {integrity: sha512-aSWTXFzaKWkvHO1Ny/s+ePFpvKsPnjc551iI41v3ny/ow6tBG5Vd+FuqGNhh1LxOmVzOlGUriIlOaokOvhaStA==}
    engines: {node: '>= 0.6'}
    dev: false

  /mime@2.6.0:
    resolution: {integrity: sha512-USPkMeET31rOMiarsBNIHZKLGgvKc/LrjofAnBlOttf5ajRvqiRA8QsenbcooctK6d6Ts6aqZXBA+XbkKthiQg==}
    engines: {node: '>=4.0.0'}
    hasBin: true
    dev: false

  /set-cookie-parser@2.6.0:
    resolution: {integrity: sha512-RVnVQxTXuerk653XfuliOxBP81Sf0+qfQE73LIYKcyMYHG94AuH0kgrQpRDuTZnSmjpysHmzxJXKNfa6PjFhyQ==}
    dev: false

  /source-map@0.7.4:
    resolution: {integrity: sha512-l3BikUxvPOcn5E74dZiq5BGsTb5yEwhaTSzccU6t4sDOH8NWJCstKO5QT2CvtFoK6F0saL7p9xHAqHOlCPJygA==}
    engines: {node: '>= 8'}
    dev: false

  /typescript@5.2.2:
    resolution: {integrity: sha512-mI4WrpHsbCIcwT9cF4FZvr80QUeKvsUsUvKDoR+X/7XHQH98xYD8YHZg7ANtz2GtZt/CBq2QJ0thkGJMHfqc1w==}
    engines: {node: '>=14.17'}
    hasBin: true
